
Microsoft Visual Studio Solution File, Format Version 12.00
# Visual Studio Version 17
VisualStudioVersion = 17.4.33205.214
MinimumVisualStudioVersion = 10.0.40219.1
Project("{FAE04EC0-301F-11D3-BF4B-00C04F79EFBC}") = "QuanlySV", "QuanlySV\QuanlySV.csproj", "{8EB24C65-57DE-4B22-9B57-AA244FCA04FF}"
EndProject
Global
	GlobalSection(SolutionConfigurationPlatforms) = preSolution
		Debug|Any CPU = Debug|Any CPU
		Release|Any CPU = Release|Any CPU
	EndGlobalSection
	GlobalSection(ProjectConfigurationPlatforms) = postSolution
		{8EB24C65-57DE-4B22-9B57-AA244FCA04FF}.Debug|Any CPU.ActiveCfg = Debug|Any CPU
		{8EB24C65-57DE-4B22-9B57-AA244FCA04FF}.Debug|Any CPU.Build.0 = Debug|Any CPU
		{8EB24C65-57DE-4B22-9B57-AA244FCA04FF}.Release|Any CPU.ActiveCfg = Release|Any CPU
		{8EB24C65-57DE-4B22-9B57-AA244FCA04FF}.Release|Any CPU.Build.0 = Release|Any CPU
	EndGlobalSection
	GlobalSection(SolutionProperties) = preSolution
		HideSolutionNode = FALSE
	EndGlobalSection
	GlobalSection(ExtensibilityGlobals) = postSolution
		SolutionGuid = {DDFC3BE0-44CF-4294-934E-B6E5C4E65D31}
	EndGlobalSection
EndGlobal
